# This file is automatically @generated by Cargo.
# It is not intended for manual editing.
version = 3

[[package]]
name = "mt4y"
version = "0.1.0"
dependencies = [
 "seahorse",
]

[[package]]
name = "seahorse"
version = "2.0.0"
source = "registry+https://github.com/rust-lang/crates.io-index"
checksum = "8dfc08bbde3ce4c9d10e69804e9599d5c2c5c60eb65b78bbffdcf46687654dca"
